# This file is autogenerated, do not edit; changes may be undone by the next 'dep ensure'.


[[projects]]
  branch = "master"
  name = "github.com/acoshift/configfile"
  packages = ["."]
  revision = "c416a3c1e7fab6eaaf0e3ee56ec17793a485eddf"

[[projects]]
  branch = "master"
  name = "github.com/lib/pq"
  packages = [".","oid"]
  revision = "8c6ee72f3e6bcb1542298dd5f76cb74af9742cec"

[solve-meta]
  analyzer-name = "dep"
  analyzer-version = 1
  inputs-digest = "9af2e315ad08bc2f654c64b0bf86e954c9f9bfddc3500a4ff0478d24aa7a2ee2"
  solver-name = "gps-cdcl"
  solver-version = 1
